
Microsoft Visual Studio Solution File, Format Version 12.00
# Visual Studio Version 16
VisualStudioVersion = 16.0.32602.291
MinimumVisualStudioVersion = 10.0.40219.1
Project("{FAE04EC0-301F-11D3-BF4B-00C04F79EFBC}") = "Ejercicio1_2.Android", "Ejercicio1_2\Ejercicio1_2.Android\Ejercicio1_2.Android.csproj", "{780502EE-E716-4543-B5B1-5BEDE9A1EACA}"
EndProject
Project("{FAE04EC0-301F-11D3-BF4B-00C04F79EFBC}") = "Ejercicio1_2", "Ejercicio1_2\Ejercicio1_2\Ejercicio1_2.csproj", "{B7BA823C-D77C-459D-98DA-54F5A45061AD}"
EndProject
Global
	GlobalSection(SolutionConfigurationPlatforms) = preSolution
		Debug|Any CPU = Debug|Any CPU
		Release|Any CPU = Release|Any CPU
	EndGlobalSection
	GlobalSection(ProjectConfigurationPlatforms) = postSolution
		{780502EE-E716-4543-B5B1-5BEDE9A1EACA}.Debug|Any CPU.ActiveCfg = Debug|Any CPU
		{780502EE-E716-4543-B5B1-5BEDE9A1EACA}.Debug|Any CPU.Build.0 = Debug|Any CPU
		{780502EE-E716-4543-B5B1-5BEDE9A1EACA}.Debug|Any CPU.Deploy.0 = Debug|Any CPU
		{780502EE-E716-4543-B5B1-5BEDE9A1EACA}.Release|Any CPU.ActiveCfg = Release|Any CPU
		{780502EE-E716-4543-B5B1-5BEDE9A1EACA}.Release|Any CPU.Build.0 = Release|Any CPU
		{780502EE-E716-4543-B5B1-5BEDE9A1EACA}.Release|Any CPU.Deploy.0 = Release|Any CPU
		{B7BA823C-D77C-459D-98DA-54F5A45061AD}.Debug|Any CPU.ActiveCfg = Debug|Any CPU
		{B7BA823C-D77C-459D-98DA-54F5A45061AD}.Debug|Any CPU.Build.0 = Debug|Any CPU
		{B7BA823C-D77C-459D-98DA-54F5A45061AD}.Debug|Any CPU.Deploy.0 = Debug|Any CPU
		{B7BA823C-D77C-459D-98DA-54F5A45061AD}.Release|Any CPU.ActiveCfg = Release|Any CPU
		{B7BA823C-D77C-459D-98DA-54F5A45061AD}.Release|Any CPU.Build.0 = Release|Any CPU
		{B7BA823C-D77C-459D-98DA-54F5A45061AD}.Release|Any CPU.Deploy.0 = Release|Any CPU
	EndGlobalSection
	GlobalSection(SolutionProperties) = preSolution
		HideSolutionNode = FALSE
	EndGlobalSection
	GlobalSection(ExtensibilityGlobals) = postSolution
		SolutionGuid = {24998F52-D562-4008-A1CA-557A6477E239}
	EndGlobalSection
EndGlobal
